
Microsoft Visual Studio Solution File, Format Version 12.00
# Visual Studio Version 17
VisualStudioVersion = 17.2.32630.192
MinimumVisualStudioVersion = 10.0.40219.1
Project("{2150E333-8FDC-42A3-9474-1A3956D46DE8}") = "src", "src", "{644E755B-046C-4F64-A27C-7B2D2482AFFB}"
EndProject
Project("{2150E333-8FDC-42A3-9474-1A3956D46DE8}") = "Api", "Api", "{BE7D5463-25F3-4E61-9FFC-818BA3EEC055}"
EndProject
Project("{2150E333-8FDC-42A3-9474-1A3956D46DE8}") = "client", "client", "{C8BC2545-977E-49C7-9529-5BFCD895BC40}"
EndProject
Project("{2150E333-8FDC-42A3-9474-1A3956D46DE8}") = "Core", "Core", "{5002E2BA-70FF-4023-8CC7-487925101B85}"
EndProject
Project("{2150E333-8FDC-42A3-9474-1A3956D46DE8}") = "Bussines", "Bussines", "{6A2D73CF-4E08-45BA-A9A0-AB9D985BCDD6}"
EndProject
Project("{2150E333-8FDC-42A3-9474-1A3956D46DE8}") = "Presentation", "Presentation", "{7EEF3948-3683-444B-A196-CFA7A89A77FD}"
EndProject
Project("{9A19103F-16F7-4668-BE54-9A1E7A4F7556}") = "ApartmentsBilling.Entity", "src\Api\Core\ApartmentsBilling.Entity\ApartmentsBilling.Entity.csproj", "{112FB354-D195-4A88-A512-87E3EDC5DE70}"
EndProject
Project("{9A19103F-16F7-4668-BE54-9A1E7A4F7556}") = "ApartmentsBilling.DataAccesLayer", "src\Api\Core\ApartmentsBilling.DataAccesLayer\ApartmentsBilling.DataAccesLayer.csproj", "{FFA8988B-C920-4AE7-B464-F2A2E4A9DBE0}"
EndProject
Project("{9A19103F-16F7-4668-BE54-9A1E7A4F7556}") = "ApartmentsBilling.BussinessLayer", "src\Api\Bussines\ApartmentsBilling.BussinessLayer\ApartmentsBilling.BussinessLayer.csproj", "{F30F2DE9-A1A1-4AD3-8B20-6898BE657BB5}"
EndProject
Project("{9A19103F-16F7-4668-BE54-9A1E7A4F7556}") = "ApartmentsBilling.ApiUI", "src\Api\Presentation\ApartmentsBilling.ApiUI\ApartmentsBilling.ApiUI.csproj", "{A3285065-E41D-48C4-8F54-0A51CF380C8F}"
EndProject
Project("{2150E333-8FDC-42A3-9474-1A3956D46DE8}") = "common", "common", "{9D26B0BE-F7FA-45DD-927F-2305A36C7B72}"
EndProject
Project("{9A19103F-16F7-4668-BE54-9A1E7A4F7556}") = "ApartmentsBilling.Common", "src\Common\ApartmentsBilling.Common\ApartmentsBilling.Common.csproj", "{F633D453-F8F8-4776-9971-00A5F90EE024}"
EndProject
Project("{2150E333-8FDC-42A3-9474-1A3956D46DE8}") = "PaymentApi", "PaymentApi", "{E76C95DC-90B4-479C-9D39-4F5CDC0240CF}"
EndProject
Project("{2150E333-8FDC-42A3-9474-1A3956D46DE8}") = "Projections", "Projections", "{E962E686-40A3-474C-9952-3F1B6A1A7B28}"
EndProject
Project("{9A19103F-16F7-4668-BE54-9A1E7A4F7556}") = "ApartmentsBilling.BackGroundJobs", "src\Projections\ApartmentsBilling.BacGroundJobs\ApartmentsBilling.BackGroundJobs.csproj", "{DBF5DF39-3292-45DD-A3ED-BA435647919F}"
EndProject
Project("{2150E333-8FDC-42A3-9474-1A3956D46DE8}") = "Api", "Api", "{EC7149F9-2C76-4FB5-9BC6-FB559E67CF7B}"
EndProject
Project("{2150E333-8FDC-42A3-9474-1A3956D46DE8}") = "PaymentApiService", "PaymentApiService", "{65D72702-77A0-4373-AEED-D4E3988FD746}"
EndProject
Project("{9A19103F-16F7-4668-BE54-9A1E7A4F7556}") = "ApartmentsBilling.PaymentApi", "src\PaymentApi\Api\ApartmentsBilling.PaymentApi\ApartmentsBilling.PaymentApi.csproj", "{8BA7B749-C1BE-4419-B64E-26B122559B4C}"
EndProject
Project("{9A19103F-16F7-4668-BE54-9A1E7A4F7556}") = "ApartmentsBilling.PaymentApiSevices", "src\PaymentApi\ApiService\ApartmentsBilling.PaymentApiSevices\ApartmentsBilling.PaymentApiSevices.csproj", "{633DB06C-CD92-49B0-913F-31EE8E0779C7}"
EndProject
Project("{9A19103F-16F7-4668-BE54-9A1E7A4F7556}") = "ApartmentsBilling.Cache", "src\Projections\ApartmentsBilling.Cache\ApartmentsBilling.Cache.csproj", "{EE9BC62C-D360-448F-9F42-984C0F7718B6}"
EndProject
Project("{2150E333-8FDC-42A3-9474-1A3956D46DE8}") = "Test", "Test", "{A7D31336-E3F8-4126-BEEE-3DBE51B69DE1}"
EndProject
Project("{9A19103F-16F7-4668-BE54-9A1E7A4F7556}") = "ApartmentsBilling.Test", "src\Test\ApartmentsBilling.Test\ApartmentsBilling.Test.csproj", "{B641C3FF-1CE5-475B-8B46-10D9A785343B}"
EndProject
Project("{9A19103F-16F7-4668-BE54-9A1E7A4F7556}") = "ApartmentsBilling.WebApp", "src\Client\ApartmentsBilling.WebApp\ApartmentsBilling.WebApp.csproj", "{50F1D068-33BB-426E-85B1-1EB73C725EAF}"
EndProject
Global
	GlobalSection(SolutionConfigurationPlatforms) = preSolution
		Debug|Any CPU = Debug|Any CPU
		Release|Any CPU = Release|Any CPU
	EndGlobalSection
	GlobalSection(ProjectConfigurationPlatforms) = postSolution
		{112FB354-D195-4A88-A512-87E3EDC5DE70}.Debug|Any CPU.ActiveCfg = Debug|Any CPU
		{112FB354-D195-4A88-A512-87E3EDC5DE70}.Debug|Any CPU.Build.0 = Debug|Any CPU
		{112FB354-D195-4A88-A512-87E3EDC5DE70}.Release|Any CPU.ActiveCfg = Release|Any CPU
		{112FB354-D195-4A88-A512-87E3EDC5DE70}.Release|Any CPU.Build.0 = Release|Any CPU
		{FFA8988B-C920-4AE7-B464-F2A2E4A9DBE0}.Debug|Any CPU.ActiveCfg = Debug|Any CPU
		{FFA8988B-C920-4AE7-B464-F2A2E4A9DBE0}.Debug|Any CPU.Build.0 = Debug|Any CPU
		{FFA8988B-C920-4AE7-B464-F2A2E4A9DBE0}.Release|Any CPU.ActiveCfg = Release|Any CPU
		{FFA8988B-C920-4AE7-B464-F2A2E4A9DBE0}.Release|Any CPU.Build.0 = Release|Any CPU
		{F30F2DE9-A1A1-4AD3-8B20-6898BE657BB5}.Debug|Any CPU.ActiveCfg = Debug|Any CPU
		{F30F2DE9-A1A1-4AD3-8B20-6898BE657BB5}.Debug|Any CPU.Build.0 = Debug|Any CPU
		{F30F2DE9-A1A1-4AD3-8B20-6898BE657BB5}.Release|Any CPU.ActiveCfg = Release|Any CPU
		{F30F2DE9-A1A1-4AD3-8B20-6898BE657BB5}.Release|Any CPU.Build.0 = Release|Any CPU
		{A3285065-E41D-48C4-8F54-0A51CF380C8F}.Debug|Any CPU.ActiveCfg = Debug|Any CPU
		{A3285065-E41D-48C4-8F54-0A51CF380C8F}.Debug|Any CPU.Build.0 = Debug|Any CPU
		{A3285065-E41D-48C4-8F54-0A51CF380C8F}.Release|Any CPU.ActiveCfg = Release|Any CPU
		{A3285065-E41D-48C4-8F54-0A51CF380C8F}.Release|Any CPU.Build.0 = Release|Any CPU
		{F633D453-F8F8-4776-9971-00A5F90EE024}.Debug|Any CPU.ActiveCfg = Debug|Any CPU
		{F633D453-F8F8-4776-9971-00A5F90EE024}.Debug|Any CPU.Build.0 = Debug|Any CPU
		{F633D453-F8F8-4776-9971-00A5F90EE024}.Release|Any CPU.ActiveCfg = Release|Any CPU
		{F633D453-F8F8-4776-9971-00A5F90EE024}.Release|Any CPU.Build.0 = Release|Any CPU
		{DBF5DF39-3292-45DD-A3ED-BA435647919F}.Debug|Any CPU.ActiveCfg = Debug|Any CPU
		{DBF5DF39-3292-45DD-A3ED-BA435647919F}.Debug|Any CPU.Build.0 = Debug|Any CPU
		{DBF5DF39-3292-45DD-A3ED-BA435647919F}.Release|Any CPU.ActiveCfg = Release|Any CPU
		{DBF5DF39-3292-45DD-A3ED-BA435647919F}.Release|Any CPU.Build.0 = Release|Any CPU
		{8BA7B749-C1BE-4419-B64E-26B122559B4C}.Debug|Any CPU.ActiveCfg = Debug|Any CPU
		{8BA7B749-C1BE-4419-B64E-26B122559B4C}.Debug|Any CPU.Build.0 = Debug|Any CPU
		{8BA7B749-C1BE-4419-B64E-26B122559B4C}.Release|Any CPU.ActiveCfg = Release|Any CPU
		{8BA7B749-C1BE-4419-B64E-26B122559B4C}.Release|Any CPU.Build.0 = Release|Any CPU
		{633DB06C-CD92-49B0-913F-31EE8E0779C7}.Debug|Any CPU.ActiveCfg = Debug|Any CPU
		{633DB06C-CD92-49B0-913F-31EE8E0779C7}.Debug|Any CPU.Build.0 = Debug|Any CPU
		{633DB06C-CD92-49B0-913F-31EE8E0779C7}.Release|Any CPU.ActiveCfg = Release|Any CPU
		{633DB06C-CD92-49B0-913F-31EE8E0779C7}.Release|Any CPU.Build.0 = Release|Any CPU
		{EE9BC62C-D360-448F-9F42-984C0F7718B6}.Debug|Any CPU.ActiveCfg = Debug|Any CPU
		{EE9BC62C-D360-448F-9F42-984C0F7718B6}.Debug|Any CPU.Build.0 = Debug|Any CPU
		{EE9BC62C-D360-448F-9F42-984C0F7718B6}.Release|Any CPU.ActiveCfg = Release|Any CPU
		{EE9BC62C-D360-448F-9F42-984C0F7718B6}.Release|Any CPU.Build.0 = Release|Any CPU
		{B641C3FF-1CE5-475B-8B46-10D9A785343B}.Debug|Any CPU.ActiveCfg = Debug|Any CPU
		{B641C3FF-1CE5-475B-8B46-10D9A785343B}.Debug|Any CPU.Build.0 = Debug|Any CPU
		{B641C3FF-1CE5-475B-8B46-10D9A785343B}.Release|Any CPU.ActiveCfg = Release|Any CPU
		{B641C3FF-1CE5-475B-8B46-10D9A785343B}.Release|Any CPU.Build.0 = Release|Any CPU
		{50F1D068-33BB-426E-85B1-1EB73C725EAF}.Debug|Any CPU.ActiveCfg = Debug|Any CPU
		{50F1D068-33BB-426E-85B1-1EB73C725EAF}.Debug|Any CPU.Build.0 = Debug|Any CPU
		{50F1D068-33BB-426E-85B1-1EB73C725EAF}.Release|Any CPU.ActiveCfg = Release|Any CPU
		{50F1D068-33BB-426E-85B1-1EB73C725EAF}.Release|Any CPU.Build.0 = Release|Any CPU
	EndGlobalSection
	GlobalSection(SolutionProperties) = preSolution
		HideSolutionNode = FALSE
	EndGlobalSection
	GlobalSection(NestedProjects) = preSolution
		{BE7D5463-25F3-4E61-9FFC-818BA3EEC055} = {644E755B-046C-4F64-A27C-7B2D2482AFFB}
		{C8BC2545-977E-49C7-9529-5BFCD895BC40} = {644E755B-046C-4F64-A27C-7B2D2482AFFB}
		{5002E2BA-70FF-4023-8CC7-487925101B85} = {BE7D5463-25F3-4E61-9FFC-818BA3EEC055}
		{6A2D73CF-4E08-45BA-A9A0-AB9D985BCDD6} = {BE7D5463-25F3-4E61-9FFC-818BA3EEC055}
		{7EEF3948-3683-444B-A196-CFA7A89A77FD} = {BE7D5463-25F3-4E61-9FFC-818BA3EEC055}
		{112FB354-D195-4A88-A512-87E3EDC5DE70} = {5002E2BA-70FF-4023-8CC7-487925101B85}
		{FFA8988B-C920-4AE7-B464-F2A2E4A9DBE0} = {5002E2BA-70FF-4023-8CC7-487925101B85}
		{F30F2DE9-A1A1-4AD3-8B20-6898BE657BB5} = {6A2D73CF-4E08-45BA-A9A0-AB9D985BCDD6}
		{A3285065-E41D-48C4-8F54-0A51CF380C8F} = {7EEF3948-3683-444B-A196-CFA7A89A77FD}
		{9D26B0BE-F7FA-45DD-927F-2305A36C7B72} = {644E755B-046C-4F64-A27C-7B2D2482AFFB}
		{F633D453-F8F8-4776-9971-00A5F90EE024} = {9D26B0BE-F7FA-45DD-927F-2305A36C7B72}
		{E76C95DC-90B4-479C-9D39-4F5CDC0240CF} = {644E755B-046C-4F64-A27C-7B2D2482AFFB}
		{E962E686-40A3-474C-9952-3F1B6A1A7B28} = {644E755B-046C-4F64-A27C-7B2D2482AFFB}
		{DBF5DF39-3292-45DD-A3ED-BA435647919F} = {E962E686-40A3-474C-9952-3F1B6A1A7B28}
		{EC7149F9-2C76-4FB5-9BC6-FB559E67CF7B} = {E76C95DC-90B4-479C-9D39-4F5CDC0240CF}
		{65D72702-77A0-4373-AEED-D4E3988FD746} = {E76C95DC-90B4-479C-9D39-4F5CDC0240CF}
		{8BA7B749-C1BE-4419-B64E-26B122559B4C} = {EC7149F9-2C76-4FB5-9BC6-FB559E67CF7B}
		{633DB06C-CD92-49B0-913F-31EE8E0779C7} = {65D72702-77A0-4373-AEED-D4E3988FD746}
		{EE9BC62C-D360-448F-9F42-984C0F7718B6} = {E962E686-40A3-474C-9952-3F1B6A1A7B28}
		{A7D31336-E3F8-4126-BEEE-3DBE51B69DE1} = {644E755B-046C-4F64-A27C-7B2D2482AFFB}
		{B641C3FF-1CE5-475B-8B46-10D9A785343B} = {A7D31336-E3F8-4126-BEEE-3DBE51B69DE1}
		{50F1D068-33BB-426E-85B1-1EB73C725EAF} = {C8BC2545-977E-49C7-9529-5BFCD895BC40}
	EndGlobalSection
	GlobalSection(ExtensibilityGlobals) = postSolution
		SolutionGuid = {0A458616-F7C7-4C12-8289-A34F20355C7C}
	EndGlobalSection
EndGlobal
